// !$*UTF8*$!
{
	archiveVersion = 1;
	classes = {
	};
	objectVersion = 56;
	objects = {

/* Begin PBXBuildFile section */
		D402F9CC2AE3015F0033C637 /* AppDelegate.swift in Sources */ = {isa = PBXBuildFile; fileRef = D402F9CB2AE3015F0033C637 /* AppDelegate.swift */; };
		D402F9CE2AE3015F0033C637 /* SceneDelegate.swift in Sources */ = {isa = PBXBuildFile; fileRef = D402F9CD2AE3015F0033C637 /* SceneDelegate.swift */; };
		D402F9D02AE3015F0033C637 /* ViewController.swift in Sources */ = {isa = PBXBuildFile; fileRef = D402F9CF2AE3015F0033C637 /* ViewController.swift */; };
		D402F9D32AE3015F0033C637 /* Main.storyboard in Resources */ = {isa = PBXBuildFile; fileRef = D402F9D12AE3015F0033C637 /* Main.storyboard */; };
		D402F9D52AE3015F0033C637 /* Assets.xcassets in Resources */ = {isa = PBXBuildFile; fileRef = D402F9D42AE3015F0033C637 /* Assets.xcassets */; };
		D402F9D82AE3015F0033C637 /* LaunchScreen.storyboard in Resources */ = {isa = PBXBuildFile; fileRef = D402F9D62AE3015F0033C637 /* LaunchScreen.storyboard */; };
		D402F9E02AE306AF0033C637 /* CustomTableViewCell.swift in Sources */ = {isa = PBXBuildFile; fileRef = D402F9DF2AE306AF0033C637 /* CustomTableViewCell.swift */; };
		D402F9E22AE311780033C637 /* ArtWork.swift in Sources */ = {isa = PBXBuildFile; fileRef = D402F9E12AE311780033C637 /* ArtWork.swift */; };
/* End PBXBuildFile section */

/* Begin PBXFileReference section */
		D402F9C82AE3015F0033C637 /* semana8.app */ = {isa = PBXFileReference; explicitFileType = wrapper.application; includeInIndex = 0; path = semana8.app; sourceTree = BUILT_PRODUCTS_DIR; };
		D402F9CB2AE3015F0033C637 /* AppDelegate.swift */ = {isa = PBXFileReference; lastKnownFileType = sourcecode.swift; path = AppDelegate.swift; sourceTree = "<group>"; };
		D402F9CD2AE3015F0033C637 /* SceneDelegate.swift */ = {isa = PBXFileReference; lastKnownFileType = sourcecode.swift; path = SceneDelegate.swift; sourceTree = "<group>"; };
		D402F9CF2AE3015F0033C637 /* ViewController.swift */ = {isa = PBXFileReference; lastKnownFileType = sourcecode.swift; path = ViewController.swift; sourceTree = "<group>"; };
		D402F9D22AE3015F0033C637 /* Base */ = {isa = PBXFileReference; lastKnownFileType = file.storyboard; name = Base; path = Base.lproj/Main.storyboard; sourceTree = "<group>"; };
		D402F9D42AE3015F0033C637 /* Assets.xcassets */ = {isa = PBXFileReference; lastKnownFileType = folder.assetcatalog; path = Assets.xcassets; sourceTree = "<group>"; };
		D402F9D72AE3015F0033C637 /* Base */ = {isa = PBXFileReference; lastKnownFileType = file.storyboard; name = Base; path = Base.lproj/LaunchScreen.storyboard; sourceTree = "<group>"; };
		D402F9D92AE3015F0033C637 /* Info.plist */ = {isa = PBXFileReference; lastKnownFileType = text.plist.xml; path = Info.plist; sourceTree = "<group>"; };
		D402F9DF2AE306AF0033C637 /* CustomTableViewCell.swift */ = {isa = PBXFileReference; lastKnownFileType = sourcecode.swift; path = CustomTableViewCell.swift; sourceTree = "<group>"; };
		D402F9E12AE311780033C637 /* ArtWork.swift */ = {isa = PBXFileReference; lastKnownFileType = sourcecode.swift; path = ArtWork.swift; sourceTree = "<group>"; };
/* End PBXFileReference section */

/* Begin PBXFrameworksBuildPhase section */
		D402F9C52AE3015F0033C637 /* Frameworks */ = {
			isa = PBXFrameworksBuildPhase;
			buildActionMask = 2147483647;
			files = (
			);
			runOnlyForDeploymentPostprocessing = 0;
		};
/* End PBXFrameworksBuildPhase section */

/* Begin PBXGroup section */
		D402F9BF2AE3015E0033C637 = {
			isa = PBXGroup;
			children = (
				D402F9CA2AE3015F0033C637 /* semana8 */,
				D402F9C92AE3015F0033C637 /* Products */,
			);
			sourceTree = "<group>";
		};
		D402F9C92AE3015F0033C637 /* Products */ = {
			isa = PBXGroup;
			children = (
				D402F9C82AE3015F0033C637 /* semana8.app */,
			);
			name = Products;
			sourceTree = "<group>";
		};
		D402F9CA2AE3015F0033C637 /* semana8 */ = {
			isa = PBXGroup;
			children = (
				D402F9CB2AE3015F0033C637 /* AppDelegate.swift */,
				D402F9CD2AE3015F0033C637 /* SceneDelegate.swift */,
				D402F9CF2AE3015F0033C637 /* ViewController.swift */,
				D402F9DF2AE306AF0033C637 /* CustomTableViewCell.swift */,
				D402F9E12AE311780033C637 /* ArtWork.swift */,
				D402F9D12AE3015F0033C637 /* Main.storyboard */,
				D402F9D42AE3015F0033C637 /* Assets.xcassets */,
				D402F9D62AE3015F0033C637 /* LaunchScreen.storyboard */,
				D402F9D92AE3015F0033C637 /* Info.plist */,
			);
			path = semana8;
			sourceTree = "<group>";
		};
/* End PBXGroup section */

/* Begin PBXNativeTarget section */
		D402F9C72AE3015F0033C637 /* semana8 */ = {
			isa = PBXNativeTarget;
			buildConfigurationList = D402F9DC2AE3015F0033C637 /* Build configuration list for PBXNativeTarget "semana8" */;
			buildPhases = (
				D402F9C42AE3015F0033C637 /* Sources */,
				D402F9C52AE3015F0033C637 /* Frameworks */,
				D402F9C62AE3015F0033C637 /* Resources */,
			);
			buildRules = (
			);
			dependencies = (
			);
			name = semana8;
			productName = semana8;
			productReference = D402F9C82AE3015F0033C637 /* semana8.app */;
			productType = "com.apple.product-type.application";
		};
/* End PBXNativeTarget section */

/* Begin PBXProject section */
		D402F9C02AE3015E0033C637 /* Project object */ = {
			isa = PBXProject;
			attributes = {
				BuildIndependentTargetsInParallel = 1;
				LastSwiftUpdateCheck = 1500;
				LastUpgradeCheck = 1500;
				TargetAttributes = {
					D402F9C72AE3015F0033C637 = {
						CreatedOnToolsVersion = 15.0;
					};
				};
			};
			buildConfigurationList = D402F9C32AE3015E0033C637 /* Build configuration list for PBXProject "semana8" */;
			compatibilityVersion = "Xcode 14.0";
			developmentRegion = en;
			hasScannedForEncodings = 0;
			knownRegions = (
				en,
				Base,
			);
			mainGroup = D402F9BF2AE3015E0033C637;
			productRefGroup = D402F9C92AE3015F0033C637 /* Products */;
			projectDirPath = "";
			projectRoot = "";
			targets = (
				D402F9C72AE3015F0033C637 /* semana8 */,
			);
		};
/* End PBXProject section */

/* Begin PBXResourcesBuildPhase section */
		D402F9C62AE3015F0033C637 /* Resources */ = {
			isa = PBXResourcesBuildPhase;
			buildActionMask = 2147483647;
			files = (
				D402F9D82AE3015F0033C637 /* LaunchScreen.storyboard in Resources */,
				D402F9D52AE3015F0033C637 /* Assets.xcassets in Resources */,
				D402F9D32AE3015F0033C637 /* Main.storyboard in Resources */,
			);
			runOnlyForDeploymentPostprocessing = 0;
		};
/* End PBXResourcesBuildPhase section */

/* Begin PBXSourcesBuildPhase section */
		D402F9C42AE3015F0033C637 /* Sources */ = {
			isa = PBXSourcesBuildPhase;
			buildActionMask = 2147483647;
			files = (
				D402F9D02AE3015F0033C637 /* ViewController.swift in Sources */,
				D402F9CC2AE3015F0033C637 /* AppDelegate.swift in Sources */,
				D402F9E02AE306AF0033C637 /* CustomTableViewCell.swift in Sources */,
				D402F9CE2AE3015F0033C637 /* SceneDelegate.swift in Sources */,
				D402F9E22AE311780033C637 /* ArtWork.swift in Sources */,
			);
			runOnlyForDeploymentPostprocessing = 0;
		};
/* End PBXSourcesBuildPhase section */

/* Begin PBXVariantGroup section */
		D402F9D12AE3015F0033C637 /* Main.storyboard */ = {
			isa = PBXVariantGroup;
			children = (
				D402F9D22AE3015F0033C637 /* Base */,
			);
			name = Main.storyboard;
			sourceTree = "<group>";
		};
		D402F9D62AE3015F0033C637 /* LaunchScreen.storyboard */ = {
			isa = PBXVariantGroup;
			children = (
				D402F9D72AE3015F0033C637 /* Base */,
			);
			name = LaunchScreen.storyboard;
			sourceTree = "<group>";
		};
/* End PBXVariantGroup section */

/* Begin XCBuildConfiguration section */
		D402F9DA2AE3015F0033C637 /* Debug */ = {
			isa = XCBuildConfiguration;
			buildSettings = {
				ALWAYS_SEARCH_USER_PATHS = NO;
				ASSETCATALOG_COMPILER_GENERATE_SWIFT_ASSET_SYMBOL_EXTENSIONS = YES;
				CLANG_ANALYZER_NONNULL = YES;
				CLANG_ANALYZER_NUMBER_OBJECT_CONVERSION = YES_AGGRESSIVE;
				CLANG_CXX_LANGUAGE_STANDARD = "gnu++20";
				CLANG_ENABLE_MODULES = YES;
				CLANG_ENABLE_OBJC_ARC = YES;
				CLANG_ENABLE_OBJC_WEAK = YES;
				CLANG_WARN_BLOCK_CAPTURE_AUTORELEASING = YES;
				CLANG_WARN_BOOL_CONVERSION = YES;
				CLANG_WARN_COMMA = YES;
				CLANG_WARN_CONSTANT_CONVERSION = YES;
				CLANG_WARN_DEPRECATED_OBJC_IMPLEMENTATIONS = YES;
				CLANG_WARN_DIRECT_OBJC_ISA_USAGE = YES_ERROR;
				CLANG_WARN_DOCUMENTATION_COMMENTS = YES;
				CLANG_WARN_EMPTY_BODY = YES;
				CLANG_WARN_ENUM_CONVERSION = YES;
				CLANG_WARN_INFINITE_RECURSION = YES;
				CLANG_WARN_INT_CONVERSION = YES;
				CLANG_WARN_NON_LITERAL_NULL_CONVERSION = YES;
				CLANG_WARN_OBJC_IMPLICIT_RETAIN_SELF = YES;
				CLANG_WARN_OBJC_LITERAL_CONVERSION = YES;
				CLANG_WARN_OBJC_ROOT_CLASS = YES_ERROR;
				CLANG_WARN_QUOTED_INCLUDE_IN_FRAMEWORK_HEADER = YES;
				CLANG_WARN_RANGE_LOOP_ANALYSIS = YES;
				CLANG_WARN_STRICT_PROTOTYPES = YES;
				CLANG_WARN_SUSPICIOUS_MOVE = YES;
				CLANG_WARN_UNGUARDED_AVAILABILITY = YES_AGGRESSIVE;
				CLANG_WARN_UNREACHABLE_CODE = YES;
				CLANG_WARN__DUPLICATE_METHOD_MATCH = YES;
				COPY_PHASE_STRIP = NO;
				DEBUG_INFORMATION_FORMAT = dwarf;
				ENABLE_STRICT_OBJC_MSGSEND = YES;
				ENABLE_TESTABILITY = YES;
				ENABLE_USER_SCRIPT_SANDBOXING = YES;
				GCC_C_LANGUAGE_STANDARD = gnu17;
				GCC_DYNAMIC_NO_PIC = NO;
				GCC_NO_COMMON_BLOCKS = YES;
				GCC_OPTIMIZATION_LEVEL = 0;
				GCC_PREPROCESSOR_DEFINITIONS = (
					"DEBUG=1",
					"$(inherited)",
				);
				GCC_WARN_64_TO_32_BIT_CONVERSION = YES;
				GCC_WARN_ABOUT_RETURN_TYPE = YES_ERROR;
				GCC_WARN_UNDECLARED_SELECTOR = YES;
				GCC_WARN_UNINITIALIZED_AUTOS = YES_AGGRESSIVE;
				GCC_WARN_UNUSED_FUNCTION = YES;
				GCC_WARN_UNUSED_VARIABLE = YES;
				IPHONEOS_DEPLOYMENT_TARGET = 17.0;
				LOCALIZATION_PREFERS_STRING_CATALOGS = YES;
				MTL_ENABLE_DEBUG_INFO = INCLUDE_SOURCE;
				MTL_FAST_MATH = YES;
				ONLY_ACTIVE_ARCH = YES;
				SDKROOT = iphoneos;
				SWIFT_ACTIVE_COMPILATION_CONDITIONS = "DEBUG $(inherited)";
				SWIFT_OPTIMIZATION_LEVEL = "-Onone";
			};
			name = Debug;
		};
		D402F9DB2AE3015F0033C637 /* Release */ = {
			isa = XCBuildConfiguration;
			buildSettings = {
				ALWAYS_SEARCH_USER_PATHS = NO;
				ASSETCATALOG_COMPILER_GENERATE_SWIFT_ASSET_SYMBOL_EXTENSIONS = YES;
				CLANG_ANALYZER_NONNULL = YES;
				CLANG_ANALYZER_NUMBER_OBJECT_CONVERSION = YES_AGGRESSIVE;
				CLANG_CXX_LANGUAGE_STANDARD = "gnu++20";
				CLANG_ENABLE_MODULES = YES;
				CLANG_ENABLE_OBJC_ARC = YES;
				CLANG_ENABLE_OBJC_WEAK = YES;
				CLANG_WARN_BLOCK_CAPTURE_AUTORELEASING = YES;
				CLANG_WARN_BOOL_CONVERSION = YES;
				CLANG_WARN_COMMA = YES;
				CLANG_WARN_CONSTANT_CONVERSION = YES;
				CLANG_WARN_DEPRECATED_OBJC_IMPLEMENTATIONS = YES;
				CLANG_WARN_DIRECT_OBJC_ISA_USAGE = YES_ERROR;
				CLANG_WARN_DOCUMENTATION_COMMENTS = YES;
				CLANG_WARN_EMPTY_BODY = YES;
				CLANG_WARN_ENUM_CONVERSION = YES;
				CLANG_WARN_INFINITE_RECURSION = YES;
				CLANG_WARN_INT_CONVERSION = YES;
				CLANG_WARN_NON_LITERAL_NULL_CONVERSION = YES;
				CLANG_WARN_OBJC_IMPLICIT_RETAIN_SELF = YES;
				CLANG_WARN_OBJC_LITERAL_CONVERSION = YES;
				CLANG_WARN_OBJC_ROOT_CLASS = YES_ERROR;
				CLANG_WARN_QUOTED_INCLUDE_IN_FRAMEWORK_HEADER = YES;
				CLANG_WARN_RANGE_LOOP_ANALYSIS = YES;
				CLANG_WARN_STRICT_PROTOTYPES = YES;
				CLANG_WARN_SUSPICIOUS_MOVE = YES;
				CLANG_WARN_UNGUARDED_AVAILABILITY = YES_AGGRESSIVE;
				CLANG_WARN_UNREACHABLE_CODE = YES;
				CLANG_WARN__DUPLICATE_METHOD_MATCH = YES;
				COPY_PHASE_STRIP = NO;
				DEBUG_INFORMATION_FORMAT = "dwarf-with-dsym";
				ENABLE_NS_ASSERTIONS = NO;
				ENABLE_STRICT_OBJC_MSGSEND = YES;
				ENABLE_USER_SCRIPT_SANDBOXING = YES;
				GCC_C_LANGUAGE_STANDARD = gnu17;
				GCC_NO_COMMON_BLOCKS = YES;
				GCC_WARN_64_TO_32_BIT_CONVERSION = YES;
				GCC_WARN_ABOUT_RETURN_TYPE = YES_ERROR;
				GCC_WARN_UNDECLARED_SELECTOR = YES;
				GCC_WARN_UNINITIALIZED_AUTOS = YES_AGGRESSIVE;
				GCC_WARN_UNUSED_FUNCTION = YES;
				GCC_WARN_UNUSED_VARIABLE = YES;
				IPHONEOS_DEPLOYMENT_TARGET = 17.0;
				LOCALIZATION_PREFERS_STRING_CATALOGS = YES;
				MTL_ENABLE_DEBUG_INFO = NO;
				MTL_FAST_MATH = YES;
				SDKROOT = iphoneos;
				SWIFT_COMPILATION_MODE = wholemodule;
				VALIDATE_PRODUCT = YES;
			};
			name = Release;
		};
		D402F9DD2AE3015F0033C637 /* Debug */ = {
			isa = XCBuildConfiguration;
			buildSettings = {
				ASSETCATALOG_COMPILER_APPICON_NAME = AppIcon;
				ASSETCATALOG_COMPILER_GLOBAL_ACCENT_COLOR_NAME = AccentColor;
				CODE_SIGN_STYLE = Automatic;
				CURRENT_PROJECT_VERSION = 1;
				GENERATE_INFOPLIST_FILE = YES;
				INFOPLIST_FILE = semana8/Info.plist;
				INFOPLIST_KEY_UIApplicationSupportsIndirectInputEvents = YES;
				INFOPLIST_KEY_UILaunchStoryboardName = LaunchScreen;
				INFOPLIST_KEY_UIMainStoryboardFile = Main;
				INFOPLIST_KEY_UISupportedInterfaceOrientations_iPad = "UIInterfaceOrientationPortrait UIInterfaceOrientationPortraitUpsideDown UIInterfaceOrientationLandscapeLeft UIInterfaceOrientationLandscapeRight";
				INFOPLIST_KEY_UISupportedInterfaceOrientations_iPhone = "UIInterfaceOrientationPortrait UIInterfaceOrientationLandscapeLeft UIInterfaceOrientationLandscapeRight";
				LD_RUNPATH_SEARCH_PATHS = (
					"$(inherited)",
					"@executable_path/Frameworks",
				);
				MARKETING_VERSION = 1.0;
				PRODUCT_BUNDLE_IDENTIFIER = almeyda.semana8;
				PRODUCT_NAME = "$(TARGET_NAME)";
				SWIFT_EMIT_LOC_STRINGS = YES;
				SWIFT_VERSION = 5.0;
				TARGETED_DEVICE_FAMILY = "1,2";
			};
			name = Debug;
		};
		D402F9DE2AE3015F0033C637 /* Release */ = {
			isa = XCBuildConfiguration;
			buildSettings = {
				ASSETCATALOG_COMPILER_APPICON_NAME = AppIcon;
				ASSETCATALOG_COMPILER_GLOBAL_ACCENT_COLOR_NAME = AccentColor;
				CODE_SIGN_STYLE = Automatic;
				CURRENT_PROJECT_VERSION = 1;
				GENERATE_INFOPLIST_FILE = YES;
				INFOPLIST_FILE = semana8/Info.plist;
				INFOPLIST_KEY_UIApplicationSupportsIndirectInputEvents = YES;
				INFOPLIST_KEY_UILaunchStoryboardName = LaunchScreen;
				INFOPLIST_KEY_UIMainStoryboardFile = Main;
				INFOPLIST_KEY_UISupportedInterfaceOrientations_iPad = "UIInterfaceOrientationPortrait UIInterfaceOrientationPortraitUpsideDown UIInterfaceOrientationLandscapeLeft UIInterfaceOrientationLandscapeRight";
				INFOPLIST_KEY_UISupportedInterfaceOrientations_iPhone = "UIInterfaceOrientationPortrait UIInterfaceOrientationLandscapeLeft UIInterfaceOrientationLandscapeRight";
				LD_RUNPATH_SEARCH_PATHS = (
					"$(inherited)",
					"@executable_path/Frameworks",
				);
				MARKETING_VERSION = 1.0;
				PRODUCT_BUNDLE_IDENTIFIER = almeyda.semana8;
				PRODUCT_NAME = "$(TARGET_NAME)";
				SWIFT_EMIT_LOC_STRINGS = YES;
				SWIFT_VERSION = 5.0;
				TARGETED_DEVICE_FAMILY = "1,2";
			};
			name = Release;
		};
/* End XCBuildConfiguration section */

/* Begin XCConfigurationList section */
		D402F9C32AE3015E0033C637 /* Build configuration list for PBXProject "semana8" */ = {
			isa = XCConfigurationList;
			buildConfigurations = (
				D402F9DA2AE3015F0033C637 /* Debug */,
				D402F9DB2AE3015F0033C637 /* Release */,
			);
			defaultConfigurationIsVisible = 0;
			defaultConfigurationName = Release;
		};
		D402F9DC2AE3015F0033C637 /* Build configuration list for PBXNativeTarget "semana8" */ = {
			isa = XCConfigurationList;
			buildConfigurations = (
				D402F9DD2AE3015F0033C637 /* Debug */,
				D402F9DE2AE3015F0033C637 /* Release */,
			);
			defaultConfigurationIsVisible = 0;
			defaultConfigurationName = Release;
		};
/* End XCConfigurationList section */
	};
	rootObject = D402F9C02AE3015E0033C637 /* Project object */;
}
